// !$*UTF8*$!
{
	archiveVersion = 1;
	classes = {
	};
	objectVersion = 52;
	objects = {

/* Begin PBXBuildFile section */
		23117C5224895F6B0023B680 /* ActivityViewController.swift in Sources */ = {isa = PBXBuildFile; fileRef = 23117C5124895F6B0023B680 /* ActivityViewController.swift */; };
		23190660247DA25F00DA550B /* AppDelegate.swift in Sources */ = {isa = PBXBuildFile; fileRef = 2319065F247DA25F00DA550B /* AppDelegate.swift */; };
		23190662247DA25F00DA550B /* SceneDelegate.swift in Sources */ = {isa = PBXBuildFile; fileRef = 23190661247DA25F00DA550B /* SceneDelegate.swift */; };
		23190664247DA25F00DA550B /* ContentView.swift in Sources */ = {isa = PBXBuildFile; fileRef = 23190663247DA25F00DA550B /* ContentView.swift */; };
		23190666247DA26400DA550B /* Assets.xcassets in Resources */ = {isa = PBXBuildFile; fileRef = 23190665247DA26400DA550B /* Assets.xcassets */; };
		23190669247DA26400DA550B /* Preview Assets.xcassets in Resources */ = {isa = PBXBuildFile; fileRef = 23190668247DA26400DA550B /* Preview Assets.xcassets */; };
		2319066C247DA26400DA550B /* LaunchScreen.storyboard in Resources */ = {isa = PBXBuildFile; fileRef = 2319066A247DA26400DA550B /* LaunchScreen.storyboard */; };
		23190674247DB53600DA550B /* HomeView.swift in Sources */ = {isa = PBXBuildFile; fileRef = 23190673247DB53600DA550B /* HomeView.swift */; };
		23190676247DB75800DA550B /* Song.swift in Sources */ = {isa = PBXBuildFile; fileRef = 23190675247DB75800DA550B /* Song.swift */; };
		23190678247DB92600DA550B /* Mockmodel.swift in Sources */ = {isa = PBXBuildFile; fileRef = 23190677247DB92600DA550B /* Mockmodel.swift */; };
		2319067C247DBDB600DA550B /* SongListCell.swift in Sources */ = {isa = PBXBuildFile; fileRef = 2319067B247DBDB600DA550B /* SongListCell.swift */; };
		231B16C52489A1700006E78B /* JoinViaURLView.swift in Sources */ = {isa = PBXBuildFile; fileRef = 231B16C42489A1700006E78B /* JoinViaURLView.swift */; };
		231CDA22249D397F00632B8C /* PlayerStateVM.swift in Sources */ = {isa = PBXBuildFile; fileRef = 231CDA21249D397F00632B8C /* PlayerStateVM.swift */; };
		231CDA24249D3A8800632B8C /* MusicController.swift in Sources */ = {isa = PBXBuildFile; fileRef = 231CDA23249D3A8800632B8C /* MusicController.swift */; };
		231CDA26249D3B9A00632B8C /* SongListVM.swift in Sources */ = {isa = PBXBuildFile; fileRef = 231CDA25249D3B9A00632B8C /* SongListVM.swift */; };
		231CDA28249D3CA600632B8C /* SuggestSongView.swift in Sources */ = {isa = PBXBuildFile; fileRef = 231CDA27249D3CA600632B8C /* SuggestSongView.swift */; };
		231CDA2C249D3FDD00632B8C /* SpotifyiOS.framework in Frameworks */ = {isa = PBXBuildFile; fileRef = 231CDA2B249D3FDD00632B8C /* SpotifyiOS.framework */; };
		231CDA2F249E0B9700632B8C /* ImageLoader.swift in Sources */ = {isa = PBXBuildFile; fileRef = 231CDA2E249E0B9700632B8C /* ImageLoader.swift */; };
		231CDA31249E0BB700632B8C /* AsyncImage.swift in Sources */ = {isa = PBXBuildFile; fileRef = 231CDA30249E0BB700632B8C /* AsyncImage.swift */; };
		233D2ACE2491990100994038 /* UserListVM.swift in Sources */ = {isa = PBXBuildFile; fileRef = 233D2ACD2491990100994038 /* UserListVM.swift */; };
		233D2AD6249381C600994038 /* QRCodeView.swift in Sources */ = {isa = PBXBuildFile; fileRef = 233D2AD5249381C600994038 /* QRCodeView.swift */; };
		233D2ADD2493E36C00994038 /* CodeScanner in Frameworks */ = {isa = PBXBuildFile; productRef = 233D2ADC2493E36C00994038 /* CodeScanner */; };
		234B8D9324839C9200C0F7F3 /* UserListElement.swift in Sources */ = {isa = PBXBuildFile; fileRef = 234B8D9224839C9200C0F7F3 /* UserListElement.swift */; };
		234B8D952483A4BF00C0F7F3 /* UserVM.swift in Sources */ = {isa = PBXBuildFile; fileRef = 234B8D942483A4BF00C0F7F3 /* UserVM.swift */; };
		234B8D9924884EBC00C0F7F3 /* Blur.swift in Sources */ = {isa = PBXBuildFile; fileRef = 234B8D9824884EBC00C0F7F3 /* Blur.swift */; };
		235EB4CF247FB79A007A720D /* AppContentView.swift in Sources */ = {isa = PBXBuildFile; fileRef = 235EB4CE247FB79A007A720D /* AppContentView.swift */; };
		235EB4D12480F6CC007A720D /* MenuView.swift in Sources */ = {isa = PBXBuildFile; fileRef = 235EB4D02480F6CC007A720D /* MenuView.swift */; };
		8F0CAC2E24A10EA700531BB0 /* AuthenticationView.swift in Sources */ = {isa = PBXBuildFile; fileRef = 8F0CAC2D24A10EA700531BB0 /* AuthenticationView.swift */; };
		8F0CAC3124A2001100531BB0 /* RoundButtonModifier.swift in Sources */ = {isa = PBXBuildFile; fileRef = 8F0CAC3024A2001100531BB0 /* RoundButtonModifier.swift */; };
		8F108A992480537F00D5C27B /* Model.swift in Sources */ = {isa = PBXBuildFile; fileRef = 8F108A982480537F00D5C27B /* Model.swift */; };
		8F27498424A60C880084FC99 /* SuggestSongCell.swift in Sources */ = {isa = PBXBuildFile; fileRef = 8F27498324A60C880084FC99 /* SuggestSongCell.swift */; };
		8F27498624A610000084FC99 /* SpotifySearchPayload.swift in Sources */ = {isa = PBXBuildFile; fileRef = 8F27498524A610000084FC99 /* SpotifySearchPayload.swift */; };
		8F2EF43A24A2ADEE000EC1B7 /* AuthenticationViewModel.swift in Sources */ = {isa = PBXBuildFile; fileRef = 8F2EF43924A2ADEE000EC1B7 /* AuthenticationViewModel.swift */; };
		8F2EF43C24A34B74000EC1B7 /* NetworkModel.swift in Sources */ = {isa = PBXBuildFile; fileRef = 8F2EF43B24A34B74000EC1B7 /* NetworkModel.swift */; };
		8F8FE232249E679C006674E8 /* SearchBar.swift in Sources */ = {isa = PBXBuildFile; fileRef = 8F8FE231249E679C006674E8 /* SearchBar.swift */; };
		8F8FE234249FBB0B006674E8 /* AuthenticationSheet.swift in Sources */ = {isa = PBXBuildFile; fileRef = 8F8FE233249FBB0B006674E8 /* AuthenticationSheet.swift */; };
		8FB1058A24AB55A3007C15A1 /* CurrentSongView.swift in Sources */ = {isa = PBXBuildFile; fileRef = 8FB1058924AB55A3007C15A1 /* CurrentSongView.swift */; };
		8FB1058C24AB56DF007C15A1 /* AddSongsBarView.swift in Sources */ = {isa = PBXBuildFile; fileRef = 8FB1058B24AB56DF007C15A1 /* AddSongsBarView.swift */; };
		8FE5348F24812EFB00D4D630 /* VoteState.swift in Sources */ = {isa = PBXBuildFile; fileRef = 8FE5348E24812EFB00D4D630 /* VoteState.swift */; };
		9294009AE55977D9C7CE79BE /* Pods_encoreApp.framework in Frameworks */ = {isa = PBXBuildFile; fileRef = CB562E311EF290F2CF787D15 /* Pods_encoreApp.framework */; };
/* End PBXBuildFile section */

/* Begin PBXFileReference section */
		23117C5124895F6B0023B680 /* ActivityViewController.swift */ = {isa = PBXFileReference; lastKnownFileType = sourcecode.swift; path = ActivityViewController.swift; sourceTree = "<group>"; };
		2319065C247DA25F00DA550B /* encoreApp.app */ = {isa = PBXFileReference; explicitFileType = wrapper.application; includeInIndex = 0; path = encoreApp.app; sourceTree = BUILT_PRODUCTS_DIR; };
		2319065F247DA25F00DA550B /* AppDelegate.swift */ = {isa = PBXFileReference; lastKnownFileType = sourcecode.swift; path = AppDelegate.swift; sourceTree = "<group>"; };
		23190661247DA25F00DA550B /* SceneDelegate.swift */ = {isa = PBXFileReference; lastKnownFileType = sourcecode.swift; path = SceneDelegate.swift; sourceTree = "<group>"; };
		23190663247DA25F00DA550B /* ContentView.swift */ = {isa = PBXFileReference; lastKnownFileType = sourcecode.swift; path = ContentView.swift; sourceTree = "<group>"; };
		23190665247DA26400DA550B /* Assets.xcassets */ = {isa = PBXFileReference; lastKnownFileType = folder.assetcatalog; path = Assets.xcassets; sourceTree = "<group>"; };
		23190668247DA26400DA550B /* Preview Assets.xcassets */ = {isa = PBXFileReference; lastKnownFileType = folder.assetcatalog; path = "Preview Assets.xcassets"; sourceTree = "<group>"; };
		2319066B247DA26400DA550B /* Base */ = {isa = PBXFileReference; lastKnownFileType = file.storyboard; name = Base; path = Base.lproj/LaunchScreen.storyboard; sourceTree = "<group>"; };
		2319066D247DA26400DA550B /* Info.plist */ = {isa = PBXFileReference; lastKnownFileType = text.plist.xml; path = Info.plist; sourceTree = "<group>"; };
		23190673247DB53600DA550B /* HomeView.swift */ = {isa = PBXFileReference; lastKnownFileType = sourcecode.swift; path = HomeView.swift; sourceTree = "<group>"; };
		23190675247DB75800DA550B /* Song.swift */ = {isa = PBXFileReference; lastKnownFileType = sourcecode.swift; path = Song.swift; sourceTree = "<group>"; };
		23190677247DB92600DA550B /* Mockmodel.swift */ = {isa = PBXFileReference; lastKnownFileType = sourcecode.swift; path = Mockmodel.swift; sourceTree = "<group>"; };
		2319067B247DBDB600DA550B /* SongListCell.swift */ = {isa = PBXFileReference; lastKnownFileType = sourcecode.swift; path = SongListCell.swift; sourceTree = "<group>"; };
		231B16C42489A1700006E78B /* JoinViaURLView.swift */ = {isa = PBXFileReference; lastKnownFileType = sourcecode.swift; path = JoinViaURLView.swift; sourceTree = "<group>"; };
		231CDA21249D397F00632B8C /* PlayerStateVM.swift */ = {isa = PBXFileReference; lastKnownFileType = sourcecode.swift; path = PlayerStateVM.swift; sourceTree = "<group>"; };
		231CDA23249D3A8800632B8C /* MusicController.swift */ = {isa = PBXFileReference; lastKnownFileType = sourcecode.swift; path = MusicController.swift; sourceTree = "<group>"; };
		231CDA25249D3B9A00632B8C /* SongListVM.swift */ = {isa = PBXFileReference; lastKnownFileType = sourcecode.swift; path = SongListVM.swift; sourceTree = "<group>"; };
		231CDA27249D3CA600632B8C /* SuggestSongView.swift */ = {isa = PBXFileReference; lastKnownFileType = sourcecode.swift; path = SuggestSongView.swift; sourceTree = "<group>"; };
		231CDA2B249D3FDD00632B8C /* SpotifyiOS.framework */ = {isa = PBXFileReference; lastKnownFileType = wrapper.framework; path = SpotifyiOS.framework; sourceTree = "<group>"; };
		231CDA2D249D48BC00632B8C /* encoreApp-Bridging-Header.h */ = {isa = PBXFileReference; lastKnownFileType = sourcecode.c.h; path = "encoreApp-Bridging-Header.h"; sourceTree = "<group>"; };
		231CDA2E249E0B9700632B8C /* ImageLoader.swift */ = {isa = PBXFileReference; lastKnownFileType = sourcecode.swift; path = ImageLoader.swift; sourceTree = "<group>"; };
		231CDA30249E0BB700632B8C /* AsyncImage.swift */ = {isa = PBXFileReference; lastKnownFileType = sourcecode.swift; path = AsyncImage.swift; sourceTree = "<group>"; };
		233D2ACD2491990100994038 /* UserListVM.swift */ = {isa = PBXFileReference; lastKnownFileType = sourcecode.swift; path = UserListVM.swift; sourceTree = "<group>"; };
		233D2AD5249381C600994038 /* QRCodeView.swift */ = {isa = PBXFileReference; lastKnownFileType = sourcecode.swift; path = QRCodeView.swift; sourceTree = "<group>"; };
		234B8D9224839C9200C0F7F3 /* UserListElement.swift */ = {isa = PBXFileReference; lastKnownFileType = sourcecode.swift; path = UserListElement.swift; sourceTree = "<group>"; };
		234B8D942483A4BF00C0F7F3 /* UserVM.swift */ = {isa = PBXFileReference; lastKnownFileType = sourcecode.swift; path = UserVM.swift; sourceTree = "<group>"; };
		234B8D9824884EBC00C0F7F3 /* Blur.swift */ = {isa = PBXFileReference; lastKnownFileType = sourcecode.swift; path = Blur.swift; sourceTree = "<group>"; };
		235EB4CE247FB79A007A720D /* AppContentView.swift */ = {isa = PBXFileReference; lastKnownFileType = sourcecode.swift; path = AppContentView.swift; sourceTree = "<group>"; };
		235EB4D02480F6CC007A720D /* MenuView.swift */ = {isa = PBXFileReference; lastKnownFileType = sourcecode.swift; path = MenuView.swift; sourceTree = "<group>"; };
		4A562C93984E36AA41F353FD /* Pods-encoreApp.debug.xcconfig */ = {isa = PBXFileReference; includeInIndex = 1; lastKnownFileType = text.xcconfig; name = "Pods-encoreApp.debug.xcconfig"; path = "Target Support Files/Pods-encoreApp/Pods-encoreApp.debug.xcconfig"; sourceTree = "<group>"; };
		8F0CAC2D24A10EA700531BB0 /* AuthenticationView.swift */ = {isa = PBXFileReference; lastKnownFileType = sourcecode.swift; path = AuthenticationView.swift; sourceTree = "<group>"; };
		8F0CAC3024A2001100531BB0 /* RoundButtonModifier.swift */ = {isa = PBXFileReference; lastKnownFileType = sourcecode.swift; path = RoundButtonModifier.swift; sourceTree = "<group>"; };
		8F108A982480537F00D5C27B /* Model.swift */ = {isa = PBXFileReference; lastKnownFileType = sourcecode.swift; path = Model.swift; sourceTree = "<group>"; };
		8F27498324A60C880084FC99 /* SuggestSongCell.swift */ = {isa = PBXFileReference; lastKnownFileType = sourcecode.swift; path = SuggestSongCell.swift; sourceTree = "<group>"; };
		8F27498524A610000084FC99 /* SpotifySearchPayload.swift */ = {isa = PBXFileReference; lastKnownFileType = sourcecode.swift; path = SpotifySearchPayload.swift; sourceTree = "<group>"; };
		8F2EF43924A2ADEE000EC1B7 /* AuthenticationViewModel.swift */ = {isa = PBXFileReference; lastKnownFileType = sourcecode.swift; path = AuthenticationViewModel.swift; sourceTree = "<group>"; };
		8F2EF43B24A34B74000EC1B7 /* NetworkModel.swift */ = {isa = PBXFileReference; lastKnownFileType = sourcecode.swift; path = NetworkModel.swift; sourceTree = "<group>"; };
		8F8FE231249E679C006674E8 /* SearchBar.swift */ = {isa = PBXFileReference; lastKnownFileType = sourcecode.swift; path = SearchBar.swift; sourceTree = "<group>"; };
		8F8FE233249FBB0B006674E8 /* AuthenticationSheet.swift */ = {isa = PBXFileReference; lastKnownFileType = sourcecode.swift; path = AuthenticationSheet.swift; sourceTree = "<group>"; };
		8FB1058924AB55A3007C15A1 /* CurrentSongView.swift */ = {isa = PBXFileReference; lastKnownFileType = sourcecode.swift; path = CurrentSongView.swift; sourceTree = "<group>"; };
		8FB1058B24AB56DF007C15A1 /* AddSongsBarView.swift */ = {isa = PBXFileReference; lastKnownFileType = sourcecode.swift; path = AddSongsBarView.swift; sourceTree = "<group>"; };
		8FE5348E24812EFB00D4D630 /* VoteState.swift */ = {isa = PBXFileReference; lastKnownFileType = sourcecode.swift; path = VoteState.swift; sourceTree = "<group>"; };
		CB562E311EF290F2CF787D15 /* Pods_encoreApp.framework */ = {isa = PBXFileReference; explicitFileType = wrapper.framework; includeInIndex = 0; path = Pods_encoreApp.framework; sourceTree = BUILT_PRODUCTS_DIR; };
		DB52A25E9E25B46F5C98F1E1 /* Pods-encoreApp.release.xcconfig */ = {isa = PBXFileReference; includeInIndex = 1; lastKnownFileType = text.xcconfig; name = "Pods-encoreApp.release.xcconfig"; path = "Target Support Files/Pods-encoreApp/Pods-encoreApp.release.xcconfig"; sourceTree = "<group>"; };
/* End PBXFileReference section */

/* Begin PBXFrameworksBuildPhase section */
		23190659247DA25F00DA550B /* Frameworks */ = {
			isa = PBXFrameworksBuildPhase;
			buildActionMask = 2147483647;
			files = (
				233D2ADD2493E36C00994038 /* CodeScanner in Frameworks */,
				231CDA2C249D3FDD00632B8C /* SpotifyiOS.framework in Frameworks */,
				9294009AE55977D9C7CE79BE /* Pods_encoreApp.framework in Frameworks */,
			);
			runOnlyForDeploymentPostprocessing = 0;
		};
/* End PBXFrameworksBuildPhase section */

/* Begin PBXGroup section */
		23190653247DA25F00DA550B = {
			isa = PBXGroup;
			children = (
				231CDA2D249D48BC00632B8C /* encoreApp-Bridging-Header.h */,
				234B8D9824884EBC00C0F7F3 /* Blur.swift */,
				2319065E247DA25F00DA550B /* encoreApp */,
				2319065D247DA25F00DA550B /* Products */,
				B2F70876ABD56E2CD04EB69B /* Pods */,
				231CDA2B249D3FDD00632B8C /* SpotifyiOS.framework */,
				EA0C8535CA145DB755EB7178 /* Frameworks */,
			);
			sourceTree = "<group>";
		};
		2319065D247DA25F00DA550B /* Products */ = {
			isa = PBXGroup;
			children = (
				2319065C247DA25F00DA550B /* encoreApp.app */,
			);
			name = Products;
			sourceTree = "<group>";
		};
		2319065E247DA25F00DA550B /* encoreApp */ = {
			isa = PBXGroup;
			children = (
				2319065F247DA25F00DA550B /* AppDelegate.swift */,
				23190661247DA25F00DA550B /* SceneDelegate.swift */,
				235EB4CE247FB79A007A720D /* AppContentView.swift */,
				233D2AD42492749C00994038 /* Views */,
				233D2AD1249273FA00994038 /* ViewModels */,
				233D2AD32492743400994038 /* Model */,
				8FE5348E24812EFB00D4D630 /* VoteState.swift */,
				231CDA23249D3A8800632B8C /* MusicController.swift */,
				231CDA2E249E0B9700632B8C /* ImageLoader.swift */,
				231CDA30249E0BB700632B8C /* AsyncImage.swift */,
				23190665247DA26400DA550B /* Assets.xcassets */,
				2319066A247DA26400DA550B /* LaunchScreen.storyboard */,
				2319066D247DA26400DA550B /* Info.plist */,
				23190667247DA26400DA550B /* Preview Content */,
			);
			path = encoreApp;
			sourceTree = "<group>";
		};
		23190667247DA26400DA550B /* Preview Content */ = {
			isa = PBXGroup;
			children = (
				23190668247DA26400DA550B /* Preview Assets.xcassets */,
			);
			path = "Preview Content";
			sourceTree = "<group>";
		};
		233D2ACF2492738A00994038 /* EntryViews */ = {
			isa = PBXGroup;
			children = (
				8F0CAC2F24A15E5700531BB0 /* AuthenticationView */,
				23190663247DA25F00DA550B /* ContentView.swift */,
				231B16C42489A1700006E78B /* JoinViaURLView.swift */,
			);
			path = EntryViews;
			sourceTree = "<group>";
		};
		233D2AD0249273A500994038 /* SessionViews */ = {
			isa = PBXGroup;
			children = (
				8FB1058824AB5589007C15A1 /* HomeView */,
				8F27498224A60C440084FC99 /* SuggestSongView */,
				235EB4D02480F6CC007A720D /* MenuView.swift */,
				2319067B247DBDB600DA550B /* SongListCell.swift */,
				23117C5124895F6B0023B680 /* ActivityViewController.swift */,
				233D2AD5249381C600994038 /* QRCodeView.swift */,
			);
			path = SessionViews;
			sourceTree = "<group>";
		};
		233D2AD1249273FA00994038 /* ViewModels */ = {
			isa = PBXGroup;
			children = (
				233D2ACD2491990100994038 /* UserListVM.swift */,
				231CDA25249D3B9A00632B8C /* SongListVM.swift */,
				234B8D942483A4BF00C0F7F3 /* UserVM.swift */,
				231CDA21249D397F00632B8C /* PlayerStateVM.swift */,
			);
			path = ViewModels;
			sourceTree = "<group>";
		};
		233D2AD32492743400994038 /* Model */ = {
			isa = PBXGroup;
			children = (
				23190675247DB75800DA550B /* Song.swift */,
				234B8D9224839C9200C0F7F3 /* UserListElement.swift */,
				8F108A982480537F00D5C27B /* Model.swift */,
				23190677247DB92600DA550B /* Mockmodel.swift */,
				8F2EF43B24A34B74000EC1B7 /* NetworkModel.swift */,
			);
			path = Model;
			sourceTree = "<group>";
		};
		233D2AD42492749C00994038 /* Views */ = {
			isa = PBXGroup;
			children = (
				233D2ACF2492738A00994038 /* EntryViews */,
				233D2AD0249273A500994038 /* SessionViews */,
				8F0CAC3224A2055300531BB0 /* Modifiers */,
			);
			path = Views;
			sourceTree = "<group>";
		};
		8F0CAC2F24A15E5700531BB0 /* AuthenticationView */ = {
			isa = PBXGroup;
			children = (
				8F0CAC2D24A10EA700531BB0 /* AuthenticationView.swift */,
				8F8FE233249FBB0B006674E8 /* AuthenticationSheet.swift */,
				8F2EF43924A2ADEE000EC1B7 /* AuthenticationViewModel.swift */,
			);
			path = AuthenticationView;
			sourceTree = "<group>";
		};
		8F0CAC3224A2055300531BB0 /* Modifiers */ = {
			isa = PBXGroup;
			children = (
				8F0CAC3024A2001100531BB0 /* RoundButtonModifier.swift */,
			);
			path = Modifiers;
			sourceTree = "<group>";
		};
		8F27498224A60C440084FC99 /* SuggestSongView */ = {
			isa = PBXGroup;
			children = (
				231CDA27249D3CA600632B8C /* SuggestSongView.swift */,
				8F8FE231249E679C006674E8 /* SearchBar.swift */,
				8F27498324A60C880084FC99 /* SuggestSongCell.swift */,
				8F27498524A610000084FC99 /* SpotifySearchPayload.swift */,
			);
			path = SuggestSongView;
			sourceTree = "<group>";
		};
		8FB1058824AB5589007C15A1 /* HomeView */ = {
			isa = PBXGroup;
			children = (
				23190673247DB53600DA550B /* HomeView.swift */,
				8FB1058924AB55A3007C15A1 /* CurrentSongView.swift */,
				8FB1058B24AB56DF007C15A1 /* AddSongsBarView.swift */,
			);
			path = HomeView;
			sourceTree = "<group>";
		};
		B2F70876ABD56E2CD04EB69B /* Pods */ = {
			isa = PBXGroup;
			children = (
				4A562C93984E36AA41F353FD /* Pods-encoreApp.debug.xcconfig */,
				DB52A25E9E25B46F5C98F1E1 /* Pods-encoreApp.release.xcconfig */,
			);
			path = Pods;
			sourceTree = "<group>";
		};
		EA0C8535CA145DB755EB7178 /* Frameworks */ = {
			isa = PBXGroup;
			children = (
				CB562E311EF290F2CF787D15 /* Pods_encoreApp.framework */,
			);
			name = Frameworks;
			sourceTree = "<group>";
		};
/* End PBXGroup section */

/* Begin PBXNativeTarget section */
		2319065B247DA25F00DA550B /* encoreApp */ = {
			isa = PBXNativeTarget;
			buildConfigurationList = 23190670247DA26400DA550B /* Build configuration list for PBXNativeTarget "encoreApp" */;
			buildPhases = (
				C0F9ECD48D0D2E0FC22CA526 /* [CP] Check Pods Manifest.lock */,
				23190658247DA25F00DA550B /* Sources */,
				23190659247DA25F00DA550B /* Frameworks */,
				2319065A247DA25F00DA550B /* Resources */,
				75E45AA7C1FA3BE9ABCDC371 /* [CP] Embed Pods Frameworks */,
			);
			buildRules = (
			);
			dependencies = (
			);
			name = encoreApp;
			packageProductDependencies = (
				233D2ADC2493E36C00994038 /* CodeScanner */,
			);
			productName = encoreApp;
			productReference = 2319065C247DA25F00DA550B /* encoreApp.app */;
			productType = "com.apple.product-type.application";
		};
/* End PBXNativeTarget section */

/* Begin PBXProject section */
		23190654247DA25F00DA550B /* Project object */ = {
			isa = PBXProject;
			attributes = {
				LastSwiftUpdateCheck = 1150;
				LastUpgradeCheck = 1150;
				ORGANIZATIONNAME = NikolaiEtienne;
				TargetAttributes = {
					2319065B247DA25F00DA550B = {
						CreatedOnToolsVersion = 11.5;
					};
				};
			};
			buildConfigurationList = 23190657247DA25F00DA550B /* Build configuration list for PBXProject "encoreApp" */;
			compatibilityVersion = "Xcode 9.3";
			developmentRegion = en;
			hasScannedForEncodings = 0;
			knownRegions = (
				en,
				Base,
			);
			mainGroup = 23190653247DA25F00DA550B;
			packageReferences = (
				233D2ADB2493E36C00994038 /* XCRemoteSwiftPackageReference "CodeScanner" */,
			);
			productRefGroup = 2319065D247DA25F00DA550B /* Products */;
			projectDirPath = "";
			projectRoot = "";
			targets = (
				2319065B247DA25F00DA550B /* encoreApp */,
			);
		};
/* End PBXProject section */

/* Begin PBXResourcesBuildPhase section */
		2319065A247DA25F00DA550B /* Resources */ = {
			isa = PBXResourcesBuildPhase;
			buildActionMask = 2147483647;
			files = (
				2319066C247DA26400DA550B /* LaunchScreen.storyboard in Resources */,
				23190669247DA26400DA550B /* Preview Assets.xcassets in Resources */,
				23190666247DA26400DA550B /* Assets.xcassets in Resources */,
			);
			runOnlyForDeploymentPostprocessing = 0;
		};
/* End PBXResourcesBuildPhase section */

/* Begin PBXShellScriptBuildPhase section */
		75E45AA7C1FA3BE9ABCDC371 /* [CP] Embed Pods Frameworks */ = {
			isa = PBXShellScriptBuildPhase;
			buildActionMask = 2147483647;
			files = (
			);
			inputFileListPaths = (
				"${PODS_ROOT}/Target Support Files/Pods-encoreApp/Pods-encoreApp-frameworks-${CONFIGURATION}-input-files.xcfilelist",
			);
			name = "[CP] Embed Pods Frameworks";
			outputFileListPaths = (
				"${PODS_ROOT}/Target Support Files/Pods-encoreApp/Pods-encoreApp-frameworks-${CONFIGURATION}-output-files.xcfilelist",
			);
			runOnlyForDeploymentPostprocessing = 0;
			shellPath = /bin/sh;
			shellScript = "\"${PODS_ROOT}/Target Support Files/Pods-encoreApp/Pods-encoreApp-frameworks.sh\"\n";
			showEnvVarsInLog = 0;
		};
		C0F9ECD48D0D2E0FC22CA526 /* [CP] Check Pods Manifest.lock */ = {
			isa = PBXShellScriptBuildPhase;
			buildActionMask = 2147483647;
			files = (
			);
			inputFileListPaths = (
			);
			inputPaths = (
				"${PODS_PODFILE_DIR_PATH}/Podfile.lock",
				"${PODS_ROOT}/Manifest.lock",
			);
			name = "[CP] Check Pods Manifest.lock";
			outputFileListPaths = (
			);
			outputPaths = (
				"$(DERIVED_FILE_DIR)/Pods-encoreApp-checkManifestLockResult.txt",
			);
			runOnlyForDeploymentPostprocessing = 0;
			shellPath = /bin/sh;
			shellScript = "diff \"${PODS_PODFILE_DIR_PATH}/Podfile.lock\" \"${PODS_ROOT}/Manifest.lock\" > /dev/null\nif [ $? != 0 ] ; then\n    # print error to STDERR\n    echo \"error: The sandbox is not in sync with the Podfile.lock. Run 'pod install' or update your CocoaPods installation.\" >&2\n    exit 1\nfi\n# This output is used by Xcode 'outputs' to avoid re-running this script phase.\necho \"SUCCESS\" > \"${SCRIPT_OUTPUT_FILE_0}\"\n";
			showEnvVarsInLog = 0;
		};
/* End PBXShellScriptBuildPhase section */

/* Begin PBXSourcesBuildPhase section */
		23190658247DA25F00DA550B /* Sources */ = {
			isa = PBXSourcesBuildPhase;
			buildActionMask = 2147483647;
			files = (
				8FB1058A24AB55A3007C15A1 /* CurrentSongView.swift in Sources */,
				2319067C247DBDB600DA550B /* SongListCell.swift in Sources */,
				231CDA24249D3A8800632B8C /* MusicController.swift in Sources */,
				23190660247DA25F00DA550B /* AppDelegate.swift in Sources */,
				8F27498624A610000084FC99 /* SpotifySearchPayload.swift in Sources */,
				23190678247DB92600DA550B /* Mockmodel.swift in Sources */,
				8F8FE234249FBB0B006674E8 /* AuthenticationSheet.swift in Sources */,
				231CDA31249E0BB700632B8C /* AsyncImage.swift in Sources */,
				234B8D9324839C9200C0F7F3 /* UserListElement.swift in Sources */,
				231CDA26249D3B9A00632B8C /* SongListVM.swift in Sources */,
				8F0CAC2E24A10EA700531BB0 /* AuthenticationView.swift in Sources */,
				8F8FE232249E679C006674E8 /* SearchBar.swift in Sources */,
				8F2EF43A24A2ADEE000EC1B7 /* AuthenticationViewModel.swift in Sources */,
				8FE5348F24812EFB00D4D630 /* VoteState.swift in Sources */,
				8F0CAC3124A2001100531BB0 /* RoundButtonModifier.swift in Sources */,
				234B8D952483A4BF00C0F7F3 /* UserVM.swift in Sources */,
				23190674247DB53600DA550B /* HomeView.swift in Sources */,
				23117C5224895F6B0023B680 /* ActivityViewController.swift in Sources */,
				233D2AD6249381C600994038 /* QRCodeView.swift in Sources */,
				234B8D9924884EBC00C0F7F3 /* Blur.swift in Sources */,
				8F2EF43C24A34B74000EC1B7 /* NetworkModel.swift in Sources */,
				231CDA22249D397F00632B8C /* PlayerStateVM.swift in Sources */,
				235EB4D12480F6CC007A720D /* MenuView.swift in Sources */,
				8FB1058C24AB56DF007C15A1 /* AddSongsBarView.swift in Sources */,
				23190662247DA25F00DA550B /* SceneDelegate.swift in Sources */,
				231CDA2F249E0B9700632B8C /* ImageLoader.swift in Sources */,
				231CDA28249D3CA600632B8C /* SuggestSongView.swift in Sources */,
				23190664247DA25F00DA550B /* ContentView.swift in Sources */,
				8F27498424A60C880084FC99 /* SuggestSongCell.swift in Sources */,
				235EB4CF247FB79A007A720D /* AppContentView.swift in Sources */,
				231B16C52489A1700006E78B /* JoinViaURLView.swift in Sources */,
				233D2ACE2491990100994038 /* UserListVM.swift in Sources */,
				23190676247DB75800DA550B /* Song.swift in Sources */,
				8F108A992480537F00D5C27B /* Model.swift in Sources */,
			);
			runOnlyForDeploymentPostprocessing = 0;
		};
/* End PBXSourcesBuildPhase section */

/* Begin PBXVariantGroup section */
		2319066A247DA26400DA550B /* LaunchScreen.storyboard */ = {
			isa = PBXVariantGroup;
			children = (
				2319066B247DA26400DA550B /* Base */,
			);
			name = LaunchScreen.storyboard;
			sourceTree = "<group>";
		};
/* End PBXVariantGroup section */

/* Begin XCBuildConfiguration section */
		2319066E247DA26400DA550B /* Debug */ = {
			isa = XCBuildConfiguration;
			buildSettings = {
				ALWAYS_SEARCH_USER_PATHS = NO;
				CLANG_ANALYZER_NONNULL = YES;
				CLANG_ANALYZER_NUMBER_OBJECT_CONVERSION = YES_AGGRESSIVE;
				CLANG_CXX_LANGUAGE_STANDARD = "gnu++14";
				CLANG_CXX_LIBRARY = "libc++";
				CLANG_ENABLE_MODULES = YES;
				CLANG_ENABLE_OBJC_ARC = YES;
				CLANG_ENABLE_OBJC_WEAK = YES;
				CLANG_WARN_BLOCK_CAPTURE_AUTORELEASING = YES;
				CLANG_WARN_BOOL_CONVERSION = YES;
				CLANG_WARN_COMMA = YES;
				CLANG_WARN_CONSTANT_CONVERSION = YES;
				CLANG_WARN_DEPRECATED_OBJC_IMPLEMENTATIONS = YES;
				CLANG_WARN_DIRECT_OBJC_ISA_USAGE = YES_ERROR;
				CLANG_WARN_DOCUMENTATION_COMMENTS = YES;
				CLANG_WARN_EMPTY_BODY = YES;
				CLANG_WARN_ENUM_CONVERSION = YES;
				CLANG_WARN_INFINITE_RECURSION = YES;
				CLANG_WARN_INT_CONVERSION = YES;
				CLANG_WARN_NON_LITERAL_NULL_CONVERSION = YES;
				CLANG_WARN_OBJC_IMPLICIT_RETAIN_SELF = YES;
				CLANG_WARN_OBJC_LITERAL_CONVERSION = YES;
				CLANG_WARN_OBJC_ROOT_CLASS = YES_ERROR;
				CLANG_WARN_RANGE_LOOP_ANALYSIS = YES;
				CLANG_WARN_STRICT_PROTOTYPES = YES;
				CLANG_WARN_SUSPICIOUS_MOVE = YES;
				CLANG_WARN_UNGUARDED_AVAILABILITY = YES_AGGRESSIVE;
				CLANG_WARN_UNREACHABLE_CODE = YES;
				CLANG_WARN__DUPLICATE_METHOD_MATCH = YES;
				COPY_PHASE_STRIP = NO;
				DEBUG_INFORMATION_FORMAT = dwarf;
				ENABLE_STRICT_OBJC_MSGSEND = YES;
				ENABLE_TESTABILITY = YES;
				GCC_C_LANGUAGE_STANDARD = gnu11;
				GCC_DYNAMIC_NO_PIC = NO;
				GCC_NO_COMMON_BLOCKS = YES;
				GCC_OPTIMIZATION_LEVEL = 0;
				GCC_PREPROCESSOR_DEFINITIONS = (
					"DEBUG=1",
					"$(inherited)",
				);
				GCC_WARN_64_TO_32_BIT_CONVERSION = YES;
				GCC_WARN_ABOUT_RETURN_TYPE = YES_ERROR;
				GCC_WARN_UNDECLARED_SELECTOR = YES;
				GCC_WARN_UNINITIALIZED_AUTOS = YES_AGGRESSIVE;
				GCC_WARN_UNUSED_FUNCTION = YES;
				GCC_WARN_UNUSED_VARIABLE = YES;
				IPHONEOS_DEPLOYMENT_TARGET = 13.4;
				MTL_ENABLE_DEBUG_INFO = INCLUDE_SOURCE;
				MTL_FAST_MATH = YES;
				ONLY_ACTIVE_ARCH = YES;
				OTHER_LDFLAGS = "";
				SDKROOT = iphoneos;
				SWIFT_ACTIVE_COMPILATION_CONDITIONS = DEBUG;
				SWIFT_OPTIMIZATION_LEVEL = "-Onone";
			};
			name = Debug;
		};
		2319066F247DA26400DA550B /* Release */ = {
			isa = XCBuildConfiguration;
			buildSettings = {
				ALWAYS_SEARCH_USER_PATHS = NO;
				CLANG_ANALYZER_NONNULL = YES;
				CLANG_ANALYZER_NUMBER_OBJECT_CONVERSION = YES_AGGRESSIVE;
				CLANG_CXX_LANGUAGE_STANDARD = "gnu++14";
				CLANG_CXX_LIBRARY = "libc++";
				CLANG_ENABLE_MODULES = YES;
				CLANG_ENABLE_OBJC_ARC = YES;
				CLANG_ENABLE_OBJC_WEAK = YES;
				CLANG_WARN_BLOCK_CAPTURE_AUTORELEASING = YES;
				CLANG_WARN_BOOL_CONVERSION = YES;
				CLANG_WARN_COMMA = YES;
				CLANG_WARN_CONSTANT_CONVERSION = YES;
				CLANG_WARN_DEPRECATED_OBJC_IMPLEMENTATIONS = YES;
				CLANG_WARN_DIRECT_OBJC_ISA_USAGE = YES_ERROR;
				CLANG_WARN_DOCUMENTATION_COMMENTS = YES;
				CLANG_WARN_EMPTY_BODY = YES;
				CLANG_WARN_ENUM_CONVERSION = YES;
				CLANG_WARN_INFINITE_RECURSION = YES;
				CLANG_WARN_INT_CONVERSION = YES;
				CLANG_WARN_NON_LITERAL_NULL_CONVERSION = YES;
				CLANG_WARN_OBJC_IMPLICIT_RETAIN_SELF = YES;
				CLANG_WARN_OBJC_LITERAL_CONVERSION = YES;
				CLANG_WARN_OBJC_ROOT_CLASS = YES_ERROR;
				CLANG_WARN_RANGE_LOOP_ANALYSIS = YES;
				CLANG_WARN_STRICT_PROTOTYPES = YES;
				CLANG_WARN_SUSPICIOUS_MOVE = YES;
				CLANG_WARN_UNGUARDED_AVAILABILITY = YES_AGGRESSIVE;
				CLANG_WARN_UNREACHABLE_CODE = YES;
				CLANG_WARN__DUPLICATE_METHOD_MATCH = YES;
				COPY_PHASE_STRIP = NO;
				DEBUG_INFORMATION_FORMAT = "dwarf-with-dsym";
				ENABLE_NS_ASSERTIONS = NO;
				ENABLE_STRICT_OBJC_MSGSEND = YES;
				GCC_C_LANGUAGE_STANDARD = gnu11;
				GCC_NO_COMMON_BLOCKS = YES;
				GCC_WARN_64_TO_32_BIT_CONVERSION = YES;
				GCC_WARN_ABOUT_RETURN_TYPE = YES_ERROR;
				GCC_WARN_UNDECLARED_SELECTOR = YES;
				GCC_WARN_UNINITIALIZED_AUTOS = YES_AGGRESSIVE;
				GCC_WARN_UNUSED_FUNCTION = YES;
				GCC_WARN_UNUSED_VARIABLE = YES;
				IPHONEOS_DEPLOYMENT_TARGET = 13.4;
				MTL_ENABLE_DEBUG_INFO = NO;
				MTL_FAST_MATH = YES;
				OTHER_LDFLAGS = "";
				SDKROOT = iphoneos;
				SWIFT_COMPILATION_MODE = wholemodule;
				SWIFT_OPTIMIZATION_LEVEL = "-O";
				VALIDATE_PRODUCT = YES;
			};
			name = Release;
		};
		23190671247DA26400DA550B /* Debug */ = {
			isa = XCBuildConfiguration;
			baseConfigurationReference = 4A562C93984E36AA41F353FD /* Pods-encoreApp.debug.xcconfig */;
			buildSettings = {
				ASSETCATALOG_COMPILER_APPICON_NAME = AppIcon;
				CODE_SIGN_STYLE = Automatic;
				DEVELOPMENT_ASSET_PATHS = "\"encoreApp/Preview Content\"";
				DEVELOPMENT_TEAM = UB7P88VGXV;
				ENABLE_PREVIEWS = YES;
				FRAMEWORK_SEARCH_PATHS = (
					"$(inherited)",
					"$(PROJECT_DIR)",
				);
				INFOPLIST_FILE = encoreApp/Info.plist;
				IPHONEOS_DEPLOYMENT_TARGET = 13.4;
				LD_RUNPATH_SEARCH_PATHS = (
					"$(inherited)",
					"@executable_path/Frameworks",
				);
				OTHER_LDFLAGS = (
					"$(inherited)",
					"-framework",
					"\"IKEventSource\"",
					"-ObjC",
				);
				PRODUCT_BUNDLE_IDENTIFIER = nikolaietienne.encoreApp;
				PRODUCT_NAME = "$(TARGET_NAME)";
				SWIFT_OBJC_BRIDGING_HEADER = "encoreApp-Bridging-Header.h";
				SWIFT_VERSION = 5.0;
				TARGETED_DEVICE_FAMILY = "1,2";
			};
			name = Debug;
		};
		23190672247DA26400DA550B /* Release */ = {
			isa = XCBuildConfiguration;
			baseConfigurationReference = DB52A25E9E25B46F5C98F1E1 /* Pods-encoreApp.release.xcconfig */;
			buildSettings = {
				ASSETCATALOG_COMPILER_APPICON_NAME = AppIcon;
				CODE_SIGN_STYLE = Automatic;
				DEVELOPMENT_ASSET_PATHS = "\"encoreApp/Preview Content\"";
				DEVELOPMENT_TEAM = UB7P88VGXV;
				ENABLE_PREVIEWS = YES;
				FRAMEWORK_SEARCH_PATHS = (
					"$(inherited)",
					"$(PROJECT_DIR)",
				);
				INFOPLIST_FILE = encoreApp/Info.plist;
				IPHONEOS_DEPLOYMENT_TARGET = 13.4;
				LD_RUNPATH_SEARCH_PATHS = (
					"$(inherited)",
					"@executable_path/Frameworks",
				);
				OTHER_LDFLAGS = (
					"$(inherited)",
					"-framework",
					"\"IKEventSource\"",
					"-ObjC",
				);
				PRODUCT_BUNDLE_IDENTIFIER = nikolaietienne.encoreApp;
				PRODUCT_NAME = "$(TARGET_NAME)";
				SWIFT_OBJC_BRIDGING_HEADER = "encoreApp-Bridging-Header.h";
				SWIFT_VERSION = 5.0;
				TARGETED_DEVICE_FAMILY = "1,2";
			};
			name = Release;
		};
/* End XCBuildConfiguration section */

/* Begin XCConfigurationList section */
		23190657247DA25F00DA550B /* Build configuration list for PBXProject "encoreApp" */ = {
			isa = XCConfigurationList;
			buildConfigurations = (
				2319066E247DA26400DA550B /* Debug */,
				2319066F247DA26400DA550B /* Release */,
			);
			defaultConfigurationIsVisible = 0;
			defaultConfigurationName = Release;
		};
		23190670247DA26400DA550B /* Build configuration list for PBXNativeTarget "encoreApp" */ = {
			isa = XCConfigurationList;
			buildConfigurations = (
				23190671247DA26400DA550B /* Debug */,
				23190672247DA26400DA550B /* Release */,
			);
			defaultConfigurationIsVisible = 0;
			defaultConfigurationName = Release;
		};
/* End XCConfigurationList section */

/* Begin XCRemoteSwiftPackageReference section */
		233D2ADB2493E36C00994038 /* XCRemoteSwiftPackageReference "CodeScanner" */ = {
			isa = XCRemoteSwiftPackageReference;
			repositoryURL = "https://github.com/twostraws/CodeScanner";
			requirement = {
				kind = upToNextMajorVersion;
				minimumVersion = 1.0.6;
			};
		};
/* End XCRemoteSwiftPackageReference section */

/* Begin XCSwiftPackageProductDependency section */
		233D2ADC2493E36C00994038 /* CodeScanner */ = {
			isa = XCSwiftPackageProductDependency;
			package = 233D2ADB2493E36C00994038 /* XCRemoteSwiftPackageReference "CodeScanner" */;
			productName = CodeScanner;
		};
/* End XCSwiftPackageProductDependency section */
	};
	rootObject = 23190654247DA25F00DA550B /* Project object */;
}
