// !$*UTF8*$!
{
	archiveVersion = 1;
	classes = {
	};
	objectVersion = 50;
	objects = {

/* Begin PBXBuildFile section */
		23117C5224895F6B0023B680 /* ActivityViewController.swift in Sources */ = {isa = PBXBuildFile; fileRef = 23117C5124895F6B0023B680 /* ActivityViewController.swift */; };
		23190660247DA25F00DA550B /* AppDelegate.swift in Sources */ = {isa = PBXBuildFile; fileRef = 2319065F247DA25F00DA550B /* AppDelegate.swift */; };
		23190662247DA25F00DA550B /* SceneDelegate.swift in Sources */ = {isa = PBXBuildFile; fileRef = 23190661247DA25F00DA550B /* SceneDelegate.swift */; };
		23190664247DA25F00DA550B /* ContentView.swift in Sources */ = {isa = PBXBuildFile; fileRef = 23190663247DA25F00DA550B /* ContentView.swift */; };
		23190666247DA26400DA550B /* Assets.xcassets in Resources */ = {isa = PBXBuildFile; fileRef = 23190665247DA26400DA550B /* Assets.xcassets */; };
		23190669247DA26400DA550B /* Preview Assets.xcassets in Resources */ = {isa = PBXBuildFile; fileRef = 23190668247DA26400DA550B /* Preview Assets.xcassets */; };
		2319066C247DA26400DA550B /* LaunchScreen.storyboard in Resources */ = {isa = PBXBuildFile; fileRef = 2319066A247DA26400DA550B /* LaunchScreen.storyboard */; };
		23190674247DB53600DA550B /* HomeView.swift in Sources */ = {isa = PBXBuildFile; fileRef = 23190673247DB53600DA550B /* HomeView.swift */; };
		23190676247DB75800DA550B /* Song.swift in Sources */ = {isa = PBXBuildFile; fileRef = 23190675247DB75800DA550B /* Song.swift */; };
		23190678247DB92600DA550B /* Mockmodel.swift in Sources */ = {isa = PBXBuildFile; fileRef = 23190677247DB92600DA550B /* Mockmodel.swift */; };
		2319067C247DBDB600DA550B /* SongListCell.swift in Sources */ = {isa = PBXBuildFile; fileRef = 2319067B247DBDB600DA550B /* SongListCell.swift */; };
		231B16C52489A1700006E78B /* JoinViaURLView.swift in Sources */ = {isa = PBXBuildFile; fileRef = 231B16C42489A1700006E78B /* JoinViaURLView.swift */; };
		233BF6DA2499644300346933 /* SongListVM.swift in Sources */ = {isa = PBXBuildFile; fileRef = 233BF6D92499644300346933 /* SongListVM.swift */; };
		2342F49D2497E6C600820F8D /* AddSongView.swift in Sources */ = {isa = PBXBuildFile; fileRef = 2342F49C2497E6C600820F8D /* AddSongView.swift */; };
		234B8D9324839C9200C0F7F3 /* UserListElement.swift in Sources */ = {isa = PBXBuildFile; fileRef = 234B8D9224839C9200C0F7F3 /* UserListElement.swift */; };
		234B8D952483A4BF00C0F7F3 /* User.swift in Sources */ = {isa = PBXBuildFile; fileRef = 234B8D942483A4BF00C0F7F3 /* User.swift */; };
		234B8D9924884EBC00C0F7F3 /* Blur.swift in Sources */ = {isa = PBXBuildFile; fileRef = 234B8D9824884EBC00C0F7F3 /* Blur.swift */; };
		235EB4CF247FB79A007A720D /* AppContentView.swift in Sources */ = {isa = PBXBuildFile; fileRef = 235EB4CE247FB79A007A720D /* AppContentView.swift */; };
		235EB4D12480F6CC007A720D /* MenuView.swift in Sources */ = {isa = PBXBuildFile; fileRef = 235EB4D02480F6CC007A720D /* MenuView.swift */; };
		235EB4D3248105A2007A720D /* JoinSessionView.swift in Sources */ = {isa = PBXBuildFile; fileRef = 235EB4D2248105A2007A720D /* JoinSessionView.swift */; };
		8F0488BE248ECE0E0008F864 /* Constants.swift in Sources */ = {isa = PBXBuildFile; fileRef = 8F0488BD248ECE0E0008F864 /* Constants.swift */; };
		8F0488C2248FD2C60008F864 /* SpotifyiOS.framework in Frameworks */ = {isa = PBXBuildFile; fileRef = 8F0488C1248FD2C60008F864 /* SpotifyiOS.framework */; };
		8F0488C4248FDE380008F864 /* MusicContoller.swift in Sources */ = {isa = PBXBuildFile; fileRef = 8F0488C3248FDE380008F864 /* MusicContoller.swift */; };
		8F108A992480537F00D5C27B /* Model.swift in Sources */ = {isa = PBXBuildFile; fileRef = 8F108A982480537F00D5C27B /* Model.swift */; };
		8FE5348F24812EFB00D4D630 /* VoteState.swift in Sources */ = {isa = PBXBuildFile; fileRef = 8FE5348E24812EFB00D4D630 /* VoteState.swift */; };
		F1193BC000B9FD6CD22638C6 /* Pods_encoreApp.framework in Frameworks */ = {isa = PBXBuildFile; fileRef = F087CA2E068A5190F69A39D4 /* Pods_encoreApp.framework */; };
/* End PBXBuildFile section */

/* Begin PBXFileReference section */
		22FD675A933634B20DAD4129 /* Pods-encoreApp.release.xcconfig */ = {isa = PBXFileReference; includeInIndex = 1; lastKnownFileType = text.xcconfig; name = "Pods-encoreApp.release.xcconfig"; path = "Target Support Files/Pods-encoreApp/Pods-encoreApp.release.xcconfig"; sourceTree = "<group>"; };
		23117C5124895F6B0023B680 /* ActivityViewController.swift */ = {isa = PBXFileReference; lastKnownFileType = sourcecode.swift; path = ActivityViewController.swift; sourceTree = "<group>"; };
		2319065C247DA25F00DA550B /* encoreApp.app */ = {isa = PBXFileReference; explicitFileType = wrapper.application; includeInIndex = 0; path = encoreApp.app; sourceTree = BUILT_PRODUCTS_DIR; };
		2319065F247DA25F00DA550B /* AppDelegate.swift */ = {isa = PBXFileReference; lastKnownFileType = sourcecode.swift; path = AppDelegate.swift; sourceTree = "<group>"; };
		23190661247DA25F00DA550B /* SceneDelegate.swift */ = {isa = PBXFileReference; lastKnownFileType = sourcecode.swift; path = SceneDelegate.swift; sourceTree = "<group>"; };
		23190663247DA25F00DA550B /* ContentView.swift */ = {isa = PBXFileReference; lastKnownFileType = sourcecode.swift; path = ContentView.swift; sourceTree = "<group>"; };
		23190665247DA26400DA550B /* Assets.xcassets */ = {isa = PBXFileReference; lastKnownFileType = folder.assetcatalog; path = Assets.xcassets; sourceTree = "<group>"; };
		23190668247DA26400DA550B /* Preview Assets.xcassets */ = {isa = PBXFileReference; lastKnownFileType = folder.assetcatalog; path = "Preview Assets.xcassets"; sourceTree = "<group>"; };
		2319066B247DA26400DA550B /* Base */ = {isa = PBXFileReference; lastKnownFileType = file.storyboard; name = Base; path = Base.lproj/LaunchScreen.storyboard; sourceTree = "<group>"; };
		2319066D247DA26400DA550B /* Info.plist */ = {isa = PBXFileReference; lastKnownFileType = text.plist.xml; path = Info.plist; sourceTree = "<group>"; };
		23190673247DB53600DA550B /* HomeView.swift */ = {isa = PBXFileReference; lastKnownFileType = sourcecode.swift; path = HomeView.swift; sourceTree = "<group>"; };
		23190675247DB75800DA550B /* Song.swift */ = {isa = PBXFileReference; lastKnownFileType = sourcecode.swift; path = Song.swift; sourceTree = "<group>"; };
		23190677247DB92600DA550B /* Mockmodel.swift */ = {isa = PBXFileReference; lastKnownFileType = sourcecode.swift; path = Mockmodel.swift; sourceTree = "<group>"; };
		2319067B247DBDB600DA550B /* SongListCell.swift */ = {isa = PBXFileReference; lastKnownFileType = sourcecode.swift; path = SongListCell.swift; sourceTree = "<group>"; };
		231B16C42489A1700006E78B /* JoinViaURLView.swift */ = {isa = PBXFileReference; lastKnownFileType = sourcecode.swift; path = JoinViaURLView.swift; sourceTree = "<group>"; };
		233BF6D92499644300346933 /* SongListVM.swift */ = {isa = PBXFileReference; lastKnownFileType = sourcecode.swift; path = SongListVM.swift; sourceTree = "<group>"; };
		2342F49C2497E6C600820F8D /* AddSongView.swift */ = {isa = PBXFileReference; lastKnownFileType = sourcecode.swift; path = AddSongView.swift; sourceTree = "<group>"; };
		234B8D9224839C9200C0F7F3 /* UserListElement.swift */ = {isa = PBXFileReference; lastKnownFileType = sourcecode.swift; path = UserListElement.swift; sourceTree = "<group>"; };
		234B8D942483A4BF00C0F7F3 /* User.swift */ = {isa = PBXFileReference; lastKnownFileType = sourcecode.swift; path = User.swift; sourceTree = "<group>"; };
		234B8D9824884EBC00C0F7F3 /* Blur.swift */ = {isa = PBXFileReference; lastKnownFileType = sourcecode.swift; path = Blur.swift; sourceTree = "<group>"; };
		235EB4CE247FB79A007A720D /* AppContentView.swift */ = {isa = PBXFileReference; lastKnownFileType = sourcecode.swift; path = AppContentView.swift; sourceTree = "<group>"; };
		235EB4D02480F6CC007A720D /* MenuView.swift */ = {isa = PBXFileReference; lastKnownFileType = sourcecode.swift; path = MenuView.swift; sourceTree = "<group>"; };
		235EB4D2248105A2007A720D /* JoinSessionView.swift */ = {isa = PBXFileReference; lastKnownFileType = sourcecode.swift; path = JoinSessionView.swift; sourceTree = "<group>"; };
		2548202CA4633E6C31F4AB20 /* Pods-encoreApp.debug.xcconfig */ = {isa = PBXFileReference; includeInIndex = 1; lastKnownFileType = text.xcconfig; name = "Pods-encoreApp.debug.xcconfig"; path = "Target Support Files/Pods-encoreApp/Pods-encoreApp.debug.xcconfig"; sourceTree = "<group>"; };
		8F0488BD248ECE0E0008F864 /* Constants.swift */ = {isa = PBXFileReference; lastKnownFileType = sourcecode.swift; path = Constants.swift; sourceTree = "<group>"; };
		8F0488C1248FD2C60008F864 /* SpotifyiOS.framework */ = {isa = PBXFileReference; lastKnownFileType = wrapper.framework; name = SpotifyiOS.framework; path = "../../../../Downloads/ios-sdk-1.2-3.2/SpotifyiOS.framework"; sourceTree = "<group>"; };
		8F0488C3248FDE380008F864 /* MusicContoller.swift */ = {isa = PBXFileReference; lastKnownFileType = sourcecode.swift; path = MusicContoller.swift; sourceTree = "<group>"; };
		8F108A982480537F00D5C27B /* Model.swift */ = {isa = PBXFileReference; lastKnownFileType = sourcecode.swift; name = Model.swift; path = ../Model.swift; sourceTree = "<group>"; };
		8F2ACC31248EC0A70025D654 /* encoreApp-Bridging-Header.h */ = {isa = PBXFileReference; lastKnownFileType = sourcecode.c.h; path = "encoreApp-Bridging-Header.h"; sourceTree = "<group>"; };
		8FE5348E24812EFB00D4D630 /* VoteState.swift */ = {isa = PBXFileReference; lastKnownFileType = sourcecode.swift; path = VoteState.swift; sourceTree = "<group>"; };
		F087CA2E068A5190F69A39D4 /* Pods_encoreApp.framework */ = {isa = PBXFileReference; explicitFileType = wrapper.framework; includeInIndex = 0; path = Pods_encoreApp.framework; sourceTree = BUILT_PRODUCTS_DIR; };
/* End PBXFileReference section */

/* Begin PBXFrameworksBuildPhase section */
		23190659247DA25F00DA550B /* Frameworks */ = {
			isa = PBXFrameworksBuildPhase;
			buildActionMask = 2147483647;
			files = (
				8F0488C2248FD2C60008F864 /* SpotifyiOS.framework in Frameworks */,
				F1193BC000B9FD6CD22638C6 /* Pods_encoreApp.framework in Frameworks */,
			);
			runOnlyForDeploymentPostprocessing = 0;
		};
/* End PBXFrameworksBuildPhase section */

/* Begin PBXGroup section */
		02C4ABF520CD12234DA3D7D9 /* Pods */ = {
			isa = PBXGroup;
			children = (
				2548202CA4633E6C31F4AB20 /* Pods-encoreApp.debug.xcconfig */,
				22FD675A933634B20DAD4129 /* Pods-encoreApp.release.xcconfig */,
			);
			name = Pods;
			path = Pods;
			sourceTree = "<group>";
		};
		23190653247DA25F00DA550B = {
			isa = PBXGroup;
			children = (
				8F2ACC31248EC0A70025D654 /* encoreApp-Bridging-Header.h */,
				234B8D9824884EBC00C0F7F3 /* Blur.swift */,
				2319065E247DA25F00DA550B /* encoreApp */,
				2319065D247DA25F00DA550B /* Products */,
				8F0488C1248FD2C60008F864 /* SpotifyiOS.framework */,
				02C4ABF520CD12234DA3D7D9 /* Pods */,
				EF16181406AFA5ADF050FF52 /* Frameworks */,
			);
			sourceTree = "<group>";
		};
		2319065D247DA25F00DA550B /* Products */ = {
			isa = PBXGroup;
			children = (
				2319065C247DA25F00DA550B /* encoreApp.app */,
			);
			name = Products;
			sourceTree = "<group>";
		};
		2319065E247DA25F00DA550B /* encoreApp */ = {
			isa = PBXGroup;
			children = (
				2319065F247DA25F00DA550B /* AppDelegate.swift */,
				23190661247DA25F00DA550B /* SceneDelegate.swift */,
				23190663247DA25F00DA550B /* ContentView.swift */,
				231B16C42489A1700006E78B /* JoinViaURLView.swift */,
				235EB4D2248105A2007A720D /* JoinSessionView.swift */,
				23190673247DB53600DA550B /* HomeView.swift */,
				235EB4D02480F6CC007A720D /* MenuView.swift */,
				2342F49C2497E6C600820F8D /* AddSongView.swift */,
				235EB4CE247FB79A007A720D /* AppContentView.swift */,
				23117C5124895F6B0023B680 /* ActivityViewController.swift */,
				23190675247DB75800DA550B /* Song.swift */,
				234B8D942483A4BF00C0F7F3 /* User.swift */,
				233BF6D92499644300346933 /* SongListVM.swift */,
				23190677247DB92600DA550B /* Mockmodel.swift */,
				234B8D9224839C9200C0F7F3 /* UserListElement.swift */,
				8F108A982480537F00D5C27B /* Model.swift */,
				2319067B247DBDB600DA550B /* SongListCell.swift */,
				8FE5348E24812EFB00D4D630 /* VoteState.swift */,
				23190665247DA26400DA550B /* Assets.xcassets */,
				2319066A247DA26400DA550B /* LaunchScreen.storyboard */,
				2319066D247DA26400DA550B /* Info.plist */,
				23190667247DA26400DA550B /* Preview Content */,
				8F0488BD248ECE0E0008F864 /* Constants.swift */,
				8F0488C3248FDE380008F864 /* MusicContoller.swift */,
			);
			path = encoreApp;
			sourceTree = "<group>";
		};
		23190667247DA26400DA550B /* Preview Content */ = {
			isa = PBXGroup;
			children = (
				23190668247DA26400DA550B /* Preview Assets.xcassets */,
			);
			path = "Preview Content";
			sourceTree = "<group>";
		};
		EF16181406AFA5ADF050FF52 /* Frameworks */ = {
			isa = PBXGroup;
			children = (
				F087CA2E068A5190F69A39D4 /* Pods_encoreApp.framework */,
			);
			name = Frameworks;
			sourceTree = "<group>";
		};
/* End PBXGroup section */

/* Begin PBXNativeTarget section */
		2319065B247DA25F00DA550B /* encoreApp */ = {
			isa = PBXNativeTarget;
			buildConfigurationList = 23190670247DA26400DA550B /* Build configuration list for PBXNativeTarget "encoreApp" */;
			buildPhases = (
				65E916DD230D1830C7DD09F6 /* [CP] Check Pods Manifest.lock */,
				23190658247DA25F00DA550B /* Sources */,
				23190659247DA25F00DA550B /* Frameworks */,
				2319065A247DA25F00DA550B /* Resources */,
				99E896A6B913A736DFDFEB5D /* [CP] Embed Pods Frameworks */,
			);
			buildRules = (
			);
			dependencies = (
			);
			name = encoreApp;
			productName = encoreApp;
			productReference = 2319065C247DA25F00DA550B /* encoreApp.app */;
			productType = "com.apple.product-type.application";
		};
/* End PBXNativeTarget section */

/* Begin PBXProject section */
		23190654247DA25F00DA550B /* Project object */ = {
			isa = PBXProject;
			attributes = {
				LastSwiftUpdateCheck = 1150;
				LastUpgradeCheck = 1150;
				ORGANIZATIONNAME = NikolaiEtienne;
				TargetAttributes = {
					2319065B247DA25F00DA550B = {
						CreatedOnToolsVersion = 11.5;
					};
				};
			};
			buildConfigurationList = 23190657247DA25F00DA550B /* Build configuration list for PBXProject "encoreApp" */;
			compatibilityVersion = "Xcode 9.3";
			developmentRegion = en;
			hasScannedForEncodings = 0;
			knownRegions = (
				en,
				Base,
			);
			mainGroup = 23190653247DA25F00DA550B;
			productRefGroup = 2319065D247DA25F00DA550B /* Products */;
			projectDirPath = "";
			projectRoot = "";
			targets = (
				2319065B247DA25F00DA550B /* encoreApp */,
			);
		};
/* End PBXProject section */

/* Begin PBXResourcesBuildPhase section */
		2319065A247DA25F00DA550B /* Resources */ = {
			isa = PBXResourcesBuildPhase;
			buildActionMask = 2147483647;
			files = (
				2319066C247DA26400DA550B /* LaunchScreen.storyboard in Resources */,
				23190669247DA26400DA550B /* Preview Assets.xcassets in Resources */,
				23190666247DA26400DA550B /* Assets.xcassets in Resources */,
			);
			runOnlyForDeploymentPostprocessing = 0;
		};
/* End PBXResourcesBuildPhase section */

/* Begin PBXShellScriptBuildPhase section */
		65E916DD230D1830C7DD09F6 /* [CP] Check Pods Manifest.lock */ = {
			isa = PBXShellScriptBuildPhase;
			buildActionMask = 2147483647;
			files = (
			);
			inputFileListPaths = (
			);
			inputPaths = (
				"${PODS_PODFILE_DIR_PATH}/Podfile.lock",
				"${PODS_ROOT}/Manifest.lock",
			);
			name = "[CP] Check Pods Manifest.lock";
			outputFileListPaths = (
			);
			outputPaths = (
				"$(DERIVED_FILE_DIR)/Pods-encoreApp-checkManifestLockResult.txt",
			);
			runOnlyForDeploymentPostprocessing = 0;
			shellPath = /bin/sh;
			shellScript = "diff \"${PODS_PODFILE_DIR_PATH}/Podfile.lock\" \"${PODS_ROOT}/Manifest.lock\" > /dev/null\nif [ $? != 0 ] ; then\n    # print error to STDERR\n    echo \"error: The sandbox is not in sync with the Podfile.lock. Run 'pod install' or update your CocoaPods installation.\" >&2\n    exit 1\nfi\n# This output is used by Xcode 'outputs' to avoid re-running this script phase.\necho \"SUCCESS\" > \"${SCRIPT_OUTPUT_FILE_0}\"\n";
			showEnvVarsInLog = 0;
		};
		99E896A6B913A736DFDFEB5D /* [CP] Embed Pods Frameworks */ = {
			isa = PBXShellScriptBuildPhase;
			buildActionMask = 2147483647;
			files = (
			);
			inputFileListPaths = (
				"${PODS_ROOT}/Target Support Files/Pods-encoreApp/Pods-encoreApp-frameworks-${CONFIGURATION}-input-files.xcfilelist",
			);
			name = "[CP] Embed Pods Frameworks";
			outputFileListPaths = (
				"${PODS_ROOT}/Target Support Files/Pods-encoreApp/Pods-encoreApp-frameworks-${CONFIGURATION}-output-files.xcfilelist",
			);
			runOnlyForDeploymentPostprocessing = 0;
			shellPath = /bin/sh;
			shellScript = "\"${PODS_ROOT}/Target Support Files/Pods-encoreApp/Pods-encoreApp-frameworks.sh\"\n";
			showEnvVarsInLog = 0;
		};
/* End PBXShellScriptBuildPhase section */

/* Begin PBXSourcesBuildPhase section */
		23190658247DA25F00DA550B /* Sources */ = {
			isa = PBXSourcesBuildPhase;
			buildActionMask = 2147483647;
			files = (
				2319067C247DBDB600DA550B /* SongListCell.swift in Sources */,
				23190660247DA25F00DA550B /* AppDelegate.swift in Sources */,
				23190678247DB92600DA550B /* Mockmodel.swift in Sources */,
				2342F49D2497E6C600820F8D /* AddSongView.swift in Sources */,
				8F0488C4248FDE380008F864 /* MusicContoller.swift in Sources */,
				233BF6DA2499644300346933 /* SongListVM.swift in Sources */,
				234B8D9324839C9200C0F7F3 /* UserListElement.swift in Sources */,
				8FE5348F24812EFB00D4D630 /* VoteState.swift in Sources */,
				235EB4D3248105A2007A720D /* JoinSessionView.swift in Sources */,
				234B8D952483A4BF00C0F7F3 /* User.swift in Sources */,
				23190674247DB53600DA550B /* HomeView.swift in Sources */,
				23117C5224895F6B0023B680 /* ActivityViewController.swift in Sources */,
				234B8D9924884EBC00C0F7F3 /* Blur.swift in Sources */,
				235EB4D12480F6CC007A720D /* MenuView.swift in Sources */,
				23190662247DA25F00DA550B /* SceneDelegate.swift in Sources */,
				23190664247DA25F00DA550B /* ContentView.swift in Sources */,
				235EB4CF247FB79A007A720D /* AppContentView.swift in Sources */,
				231B16C52489A1700006E78B /* JoinViaURLView.swift in Sources */,
				23190676247DB75800DA550B /* Song.swift in Sources */,
				8F108A992480537F00D5C27B /* Model.swift in Sources */,
				8F0488BE248ECE0E0008F864 /* Constants.swift in Sources */,
			);
			runOnlyForDeploymentPostprocessing = 0;
		};
/* End PBXSourcesBuildPhase section */

/* Begin PBXVariantGroup section */
		2319066A247DA26400DA550B /* LaunchScreen.storyboard */ = {
			isa = PBXVariantGroup;
			children = (
				2319066B247DA26400DA550B /* Base */,
			);
			name = LaunchScreen.storyboard;
			sourceTree = "<group>";
		};
/* End PBXVariantGroup section */

/* Begin XCBuildConfiguration section */
		2319066E247DA26400DA550B /* Debug */ = {
			isa = XCBuildConfiguration;
			buildSettings = {
				ALWAYS_SEARCH_USER_PATHS = NO;
				CLANG_ANALYZER_NONNULL = YES;
				CLANG_ANALYZER_NUMBER_OBJECT_CONVERSION = YES_AGGRESSIVE;
				CLANG_CXX_LANGUAGE_STANDARD = "gnu++14";
				CLANG_CXX_LIBRARY = "libc++";
				CLANG_ENABLE_MODULES = YES;
				CLANG_ENABLE_OBJC_ARC = YES;
				CLANG_ENABLE_OBJC_WEAK = YES;
				CLANG_WARN_BLOCK_CAPTURE_AUTORELEASING = YES;
				CLANG_WARN_BOOL_CONVERSION = YES;
				CLANG_WARN_COMMA = YES;
				CLANG_WARN_CONSTANT_CONVERSION = YES;
				CLANG_WARN_DEPRECATED_OBJC_IMPLEMENTATIONS = YES;
				CLANG_WARN_DIRECT_OBJC_ISA_USAGE = YES_ERROR;
				CLANG_WARN_DOCUMENTATION_COMMENTS = YES;
				CLANG_WARN_EMPTY_BODY = YES;
				CLANG_WARN_ENUM_CONVERSION = YES;
				CLANG_WARN_INFINITE_RECURSION = YES;
				CLANG_WARN_INT_CONVERSION = YES;
				CLANG_WARN_NON_LITERAL_NULL_CONVERSION = YES;
				CLANG_WARN_OBJC_IMPLICIT_RETAIN_SELF = YES;
				CLANG_WARN_OBJC_LITERAL_CONVERSION = YES;
				CLANG_WARN_OBJC_ROOT_CLASS = YES_ERROR;
				CLANG_WARN_RANGE_LOOP_ANALYSIS = YES;
				CLANG_WARN_STRICT_PROTOTYPES = YES;
				CLANG_WARN_SUSPICIOUS_MOVE = YES;
				CLANG_WARN_UNGUARDED_AVAILABILITY = YES_AGGRESSIVE;
				CLANG_WARN_UNREACHABLE_CODE = YES;
				CLANG_WARN__DUPLICATE_METHOD_MATCH = YES;
				COPY_PHASE_STRIP = NO;
				DEBUG_INFORMATION_FORMAT = dwarf;
				ENABLE_STRICT_OBJC_MSGSEND = YES;
				ENABLE_TESTABILITY = YES;
				GCC_C_LANGUAGE_STANDARD = gnu11;
				GCC_DYNAMIC_NO_PIC = NO;
				GCC_NO_COMMON_BLOCKS = YES;
				GCC_OPTIMIZATION_LEVEL = 0;
				GCC_PREPROCESSOR_DEFINITIONS = (
					"DEBUG=1",
					"$(inherited)",
				);
				GCC_WARN_64_TO_32_BIT_CONVERSION = YES;
				GCC_WARN_ABOUT_RETURN_TYPE = YES_ERROR;
				GCC_WARN_UNDECLARED_SELECTOR = YES;
				GCC_WARN_UNINITIALIZED_AUTOS = YES_AGGRESSIVE;
				GCC_WARN_UNUSED_FUNCTION = YES;
				GCC_WARN_UNUSED_VARIABLE = YES;
				IPHONEOS_DEPLOYMENT_TARGET = 13.4;
				MTL_ENABLE_DEBUG_INFO = INCLUDE_SOURCE;
				MTL_FAST_MATH = YES;
				ONLY_ACTIVE_ARCH = YES;
				SDKROOT = iphoneos;
				SWIFT_ACTIVE_COMPILATION_CONDITIONS = DEBUG;
				SWIFT_OPTIMIZATION_LEVEL = "-Onone";
			};
			name = Debug;
		};
		2319066F247DA26400DA550B /* Release */ = {
			isa = XCBuildConfiguration;
			buildSettings = {
				ALWAYS_SEARCH_USER_PATHS = NO;
				CLANG_ANALYZER_NONNULL = YES;
				CLANG_ANALYZER_NUMBER_OBJECT_CONVERSION = YES_AGGRESSIVE;
				CLANG_CXX_LANGUAGE_STANDARD = "gnu++14";
				CLANG_CXX_LIBRARY = "libc++";
				CLANG_ENABLE_MODULES = YES;
				CLANG_ENABLE_OBJC_ARC = YES;
				CLANG_ENABLE_OBJC_WEAK = YES;
				CLANG_WARN_BLOCK_CAPTURE_AUTORELEASING = YES;
				CLANG_WARN_BOOL_CONVERSION = YES;
				CLANG_WARN_COMMA = YES;
				CLANG_WARN_CONSTANT_CONVERSION = YES;
				CLANG_WARN_DEPRECATED_OBJC_IMPLEMENTATIONS = YES;
				CLANG_WARN_DIRECT_OBJC_ISA_USAGE = YES_ERROR;
				CLANG_WARN_DOCUMENTATION_COMMENTS = YES;
				CLANG_WARN_EMPTY_BODY = YES;
				CLANG_WARN_ENUM_CONVERSION = YES;
				CLANG_WARN_INFINITE_RECURSION = YES;
				CLANG_WARN_INT_CONVERSION = YES;
				CLANG_WARN_NON_LITERAL_NULL_CONVERSION = YES;
				CLANG_WARN_OBJC_IMPLICIT_RETAIN_SELF = YES;
				CLANG_WARN_OBJC_LITERAL_CONVERSION = YES;
				CLANG_WARN_OBJC_ROOT_CLASS = YES_ERROR;
				CLANG_WARN_RANGE_LOOP_ANALYSIS = YES;
				CLANG_WARN_STRICT_PROTOTYPES = YES;
				CLANG_WARN_SUSPICIOUS_MOVE = YES;
				CLANG_WARN_UNGUARDED_AVAILABILITY = YES_AGGRESSIVE;
				CLANG_WARN_UNREACHABLE_CODE = YES;
				CLANG_WARN__DUPLICATE_METHOD_MATCH = YES;
				COPY_PHASE_STRIP = NO;
				DEBUG_INFORMATION_FORMAT = "dwarf-with-dsym";
				ENABLE_NS_ASSERTIONS = NO;
				ENABLE_STRICT_OBJC_MSGSEND = YES;
				GCC_C_LANGUAGE_STANDARD = gnu11;
				GCC_NO_COMMON_BLOCKS = YES;
				GCC_WARN_64_TO_32_BIT_CONVERSION = YES;
				GCC_WARN_ABOUT_RETURN_TYPE = YES_ERROR;
				GCC_WARN_UNDECLARED_SELECTOR = YES;
				GCC_WARN_UNINITIALIZED_AUTOS = YES_AGGRESSIVE;
				GCC_WARN_UNUSED_FUNCTION = YES;
				GCC_WARN_UNUSED_VARIABLE = YES;
				IPHONEOS_DEPLOYMENT_TARGET = 13.4;
				MTL_ENABLE_DEBUG_INFO = NO;
				MTL_FAST_MATH = YES;
				SDKROOT = iphoneos;
				SWIFT_COMPILATION_MODE = wholemodule;
				SWIFT_OPTIMIZATION_LEVEL = "-O";
				VALIDATE_PRODUCT = YES;
			};
			name = Release;
		};
		23190671247DA26400DA550B /* Debug */ = {
			isa = XCBuildConfiguration;
			baseConfigurationReference = 2548202CA4633E6C31F4AB20 /* Pods-encoreApp.debug.xcconfig */;
			buildSettings = {
				ASSETCATALOG_COMPILER_APPICON_NAME = AppIcon;
				CODE_SIGN_STYLE = Automatic;
				DEVELOPMENT_ASSET_PATHS = "\"encoreApp/Preview Content\"";
				DEVELOPMENT_TEAM = UB7P88VGXV;
				ENABLE_PREVIEWS = YES;
				FRAMEWORK_SEARCH_PATHS = (
					"$(inherited)",
					"$(PROJECT_DIR)",
				);
				INFOPLIST_FILE = encoreApp/Info.plist;
				IPHONEOS_DEPLOYMENT_TARGET = 13.4;
				LD_RUNPATH_SEARCH_PATHS = (
					"$(inherited)",
					"@executable_path/Frameworks",
				);
				OTHER_LDFLAGS = "-ObjC";
				PRODUCT_BUNDLE_IDENTIFIER = nikolaietienne.encoreApp;
				PRODUCT_NAME = "$(TARGET_NAME)";
				SWIFT_OBJC_BRIDGING_HEADER = "encoreApp-Bridging-Header.h";
				SWIFT_VERSION = 5.0;
				TARGETED_DEVICE_FAMILY = "1,2";
			};
			name = Debug;
		};
		23190672247DA26400DA550B /* Release */ = {
			isa = XCBuildConfiguration;
			baseConfigurationReference = 22FD675A933634B20DAD4129 /* Pods-encoreApp.release.xcconfig */;
			buildSettings = {
				ASSETCATALOG_COMPILER_APPICON_NAME = AppIcon;
				CODE_SIGN_STYLE = Automatic;
				DEVELOPMENT_ASSET_PATHS = "\"encoreApp/Preview Content\"";
				DEVELOPMENT_TEAM = UB7P88VGXV;
				ENABLE_PREVIEWS = YES;
				FRAMEWORK_SEARCH_PATHS = (
					"$(inherited)",
					"$(PROJECT_DIR)",
				);
				INFOPLIST_FILE = encoreApp/Info.plist;
				IPHONEOS_DEPLOYMENT_TARGET = 13.4;
				LD_RUNPATH_SEARCH_PATHS = (
					"$(inherited)",
					"@executable_path/Frameworks",
				);
				OTHER_LDFLAGS = "-ObjC";
				PRODUCT_BUNDLE_IDENTIFIER = nikolaietienne.encoreApp;
				PRODUCT_NAME = "$(TARGET_NAME)";
				SWIFT_OBJC_BRIDGING_HEADER = "encoreApp-Bridging-Header.h";
				SWIFT_VERSION = 5.0;
				TARGETED_DEVICE_FAMILY = "1,2";
			};
			name = Release;
		};
/* End XCBuildConfiguration section */

/* Begin XCConfigurationList section */
		23190657247DA25F00DA550B /* Build configuration list for PBXProject "encoreApp" */ = {
			isa = XCConfigurationList;
			buildConfigurations = (
				2319066E247DA26400DA550B /* Debug */,
				2319066F247DA26400DA550B /* Release */,
			);
			defaultConfigurationIsVisible = 0;
			defaultConfigurationName = Release;
		};
		23190670247DA26400DA550B /* Build configuration list for PBXNativeTarget "encoreApp" */ = {
			isa = XCConfigurationList;
			buildConfigurations = (
				23190671247DA26400DA550B /* Debug */,
				23190672247DA26400DA550B /* Release */,
			);
			defaultConfigurationIsVisible = 0;
			defaultConfigurationName = Release;
		};
/* End XCConfigurationList section */
	};
	rootObject = 23190654247DA25F00DA550B /* Project object */;
}
